# This file is automatically @generated by Poetry 1.5.5 and should not be changed by hand.

[[package]]
name = "blender"
version = "1.4"
description = "Pre-built Blender 2.79 as a python3.5 module bpy for linux."
optional = false
python-versions = "*"
files = [
    {file = "blender-1.4.tar.gz", hash = "sha256:ddad81081e4e4d14e91cf49886028a96d620f0ebc514dc82f51774ec42117de9"},
]

[metadata]
lock-version = "2.0"
python-versions = ">=3.10.0,<3.12"
content-hash = "f0e5affb7ae9b59444a31ccfad94e28af7e4d07dc8be2743297fcd96e3d4807a"
